// !$*UTF8*$!
{
	archiveVersion = 1;
	classes = {
	};
	objectVersion = 46;
	objects = {

/* Begin PBXBuildFile section */
		280F37321763E9DE00E72424 /* note_paper_left.jpg in Resources */ = {isa = PBXBuildFile; fileRef = 280F372F1763E9DE00E72424 /* note_paper_left.jpg */; };
		280F37331763E9DE00E72424 /* note_paper.png in Resources */ = {isa = PBXBuildFile; fileRef = 280F37301763E9DE00E72424 /* note_paper.png */; };
		280F37341763E9DE00E72424 /* blank_paper.png in Resources */ = {isa = PBXBuildFile; fileRef = 280F37311763E9DE00E72424 /* blank_paper.png */; };
		285FF4B71760BC0E001135E1 /* CellMyConferences.m in Sources */ = {isa = PBXBuildFile; fileRef = 285FF4B61760BC0E001135E1 /* CellMyConferences.m */; };
		285FF4BA1760BE0C001135E1 /* newConferenceContainer.m in Sources */ = {isa = PBXBuildFile; fileRef = 285FF4B91760BE0C001135E1 /* newConferenceContainer.m */; };
		285FF4BD1760BE6A001135E1 /* ConferenceScreenViewController.m in Sources */ = {isa = PBXBuildFile; fileRef = 285FF4BC1760BE6A001135E1 /* ConferenceScreenViewController.m */; };
		28A3A890175E9CAA0002BC93 /* PersonViewController.m in Sources */ = {isa = PBXBuildFile; fileRef = 28A3A88F175E9CAA0002BC93 /* PersonViewController.m */; };
		28ADEE1B1760C7E60059F458 /* Conference.m in Sources */ = {isa = PBXBuildFile; fileRef = 28ADEE1A1760C7E60059F458 /* Conference.m */; };
		28ADEE1E1760C7FB0059F458 /* IConfs.m in Sources */ = {isa = PBXBuildFile; fileRef = 28ADEE1D1760C7FB0059F458 /* IConfs.m */; };
		28ADEE211760D2D80059F458 /* Conference-News.m in Sources */ = {isa = PBXBuildFile; fileRef = 28ADEE201760D2D70059F458 /* Conference-News.m */; };
		28ADEE241760D4140059F458 /* CellNewsInsideConference.m in Sources */ = {isa = PBXBuildFile; fileRef = 28ADEE231760D4140059F458 /* CellNewsInsideConference.m */; };
		28ADEE261760E2330059F458 /* menuButton.png in Resources */ = {isa = PBXBuildFile; fileRef = 28ADEE251760E2330059F458 /* menuButton.png */; };
		28CF7713175F8E240070B4D5 /* PeopleC2.m in Sources */ = {isa = PBXBuildFile; fileRef = 28CF7712175F8E240070B4D5 /* PeopleC2.m */; };
		28CF7716175F8FD10070B4D5 /* Teste.m in Sources */ = {isa = PBXBuildFile; fileRef = 28CF7715175F8FD10070B4D5 /* Teste.m */; };
		28CF7719175FC2EE0070B4D5 /* speaker.jpg in Resources */ = {isa = PBXBuildFile; fileRef = 28CF7717175FC2ED0070B4D5 /* speaker.jpg */; };
		28CF771A175FC2EE0070B4D5 /* author.jpg in Resources */ = {isa = PBXBuildFile; fileRef = 28CF7718175FC2ED0070B4D5 /* author.jpg */; };
		28D97F38175BFF8300AA3A80 /* Post-it-note-transparent.png in Resources */ = {isa = PBXBuildFile; fileRef = 28D97F37175BFF8300AA3A80 /* Post-it-note-transparent.png */; };
		707522FB175FDF7C002F8708 /* AppDataObject.m in Sources */ = {isa = PBXBuildFile; fileRef = 707522FA175FDF7C002F8708 /* AppDataObject.m */; };
		707B3FE71760CF1E0069716F /* menuButton.png in Resources */ = {isa = PBXBuildFile; fileRef = 707B3FE61760CF1E0069716F /* menuButton.png */; };
		707B7C15175D62CD00E4747A /* ECSlidingViewController.m in Sources */ = {isa = PBXBuildFile; fileRef = 707B7C12175D62CD00E4747A /* ECSlidingViewController.m */; };
		707B7C16175D62CD00E4747A /* UIImage+ImageWithUIView.m in Sources */ = {isa = PBXBuildFile; fileRef = 707B7C14175D62CD00E4747A /* UIImage+ImageWithUIView.m */; };
		707B7C19175D6E2B00E4747A /* InitViewController.m in Sources */ = {isa = PBXBuildFile; fileRef = 707B7C18175D6E2B00E4747A /* InitViewController.m */; };
		A0570151175E2848000FED8F /* TestingViewController.m in Sources */ = {isa = PBXBuildFile; fileRef = A0570150175E2848000FED8F /* TestingViewController.m */; };
		A05A74FA1760F6CF00F021BD /* ioapi.c in Sources */ = {isa = PBXBuildFile; fileRef = A05A74F01760F6CF00F021BD /* ioapi.c */; };
		A05A74FB1760F6CF00F021BD /* mztools.c in Sources */ = {isa = PBXBuildFile; fileRef = A05A74F21760F6CF00F021BD /* mztools.c */; };
		A05A74FC1760F6CF00F021BD /* unzip.c in Sources */ = {isa = PBXBuildFile; fileRef = A05A74F41760F6CF00F021BD /* unzip.c */; };
		A05A74FD1760F6CF00F021BD /* zip.c in Sources */ = {isa = PBXBuildFile; fileRef = A05A74F61760F6CF00F021BD /* zip.c */; };
		A05A74FE1760F6CF00F021BD /* ZipArchive.mm in Sources */ = {isa = PBXBuildFile; fileRef = A05A74F91760F6CF00F021BD /* ZipArchive.mm */; settings = {COMPILER_FLAGS = "-fno-objc-arc"; }; };
		A05A75001760F7F600F021BD /* libz.1.2.5.dylib in Frameworks */ = {isa = PBXBuildFile; fileRef = A05A74FF1760F7F600F021BD /* libz.1.2.5.dylib */; };
		A0788787175A3C7800C1D90C /* UIKit.framework in Frameworks */ = {isa = PBXBuildFile; fileRef = A0788786175A3C7800C1D90C /* UIKit.framework */; };
		A0788789175A3C7800C1D90C /* Foundation.framework in Frameworks */ = {isa = PBXBuildFile; fileRef = A0788788175A3C7800C1D90C /* Foundation.framework */; };
		A078878B175A3C7800C1D90C /* CoreGraphics.framework in Frameworks */ = {isa = PBXBuildFile; fileRef = A078878A175A3C7800C1D90C /* CoreGraphics.framework */; };
		A078878D175A3C7800C1D90C /* CoreData.framework in Frameworks */ = {isa = PBXBuildFile; fileRef = A078878C175A3C7800C1D90C /* CoreData.framework */; };
		A0788793175A3C7800C1D90C /* InfoPlist.strings in Resources */ = {isa = PBXBuildFile; fileRef = A0788791175A3C7800C1D90C /* InfoPlist.strings */; };
		A0788795175A3C7800C1D90C /* main.m in Sources */ = {isa = PBXBuildFile; fileRef = A0788794175A3C7800C1D90C /* main.m */; };
		A078879B175A3C7800C1D90C /* Default.png in Resources */ = {isa = PBXBuildFile; fileRef = A078879A175A3C7800C1D90C /* Default.png */; };
		A078879D175A3C7800C1D90C /* Default@2x.png in Resources */ = {isa = PBXBuildFile; fileRef = A078879C175A3C7800C1D90C /* Default@2x.png */; };
		A078879F175A3C7800C1D90C /* Default-568h@2x.png in Resources */ = {isa = PBXBuildFile; fileRef = A078879E175A3C7800C1D90C /* Default-568h@2x.png */; };
		A07887A2175A3C7800C1D90C /* iConfs.xcdatamodeld in Sources */ = {isa = PBXBuildFile; fileRef = A07887A0175A3C7800C1D90C /* iConfs.xcdatamodeld */; };
		A07887DD175A3CE500C1D90C /* Event.m in Sources */ = {isa = PBXBuildFile; fileRef = A07887AD175A3CE500C1D90C /* Event.m */; };
		A07887DE175A3CE500C1D90C /* News.m in Sources */ = {isa = PBXBuildFile; fileRef = A07887AF175A3CE500C1D90C /* News.m */; };
		A07887DF175A3CE500C1D90C /* EventWorkshop.m in Sources */ = {isa = PBXBuildFile; fileRef = A07887B1175A3CE500C1D90C /* EventWorkshop.m */; };
		A07887E0175A3CE500C1D90C /* Session.m in Sources */ = {isa = PBXBuildFile; fileRef = A07887B3175A3CE500C1D90C /* Session.m */; };
		A07887E1175A3CE500C1D90C /* Person.m in Sources */ = {isa = PBXBuildFile; fileRef = A07887B5175A3CE500C1D90C /* Person.m */; };
		A07887E2175A3CE500C1D90C /* Organizer.m in Sources */ = {isa = PBXBuildFile; fileRef = A07887B7175A3CE500C1D90C /* Organizer.m */; };
		A07887E3175A3CE500C1D90C /* Author.m in Sources */ = {isa = PBXBuildFile; fileRef = A07887B9175A3CE500C1D90C /* Author.m */; };
		A07887E4175A3CE500C1D90C /* Speaker.m in Sources */ = {isa = PBXBuildFile; fileRef = A07887BB175A3CE500C1D90C /* Speaker.m */; };
		A07887E5175A3CE500C1D90C /* Notification.m in Sources */ = {isa = PBXBuildFile; fileRef = A07887BD175A3CE500C1D90C /* Notification.m */; };
		A07887E6175A3CE500C1D90C /* Paper.m in Sources */ = {isa = PBXBuildFile; fileRef = A07887BF175A3CE500C1D90C /* Paper.m */; };
		A07887E7175A3CE500C1D90C /* Place.m in Sources */ = {isa = PBXBuildFile; fileRef = A07887C1175A3CE500C1D90C /* Place.m */; };
		A07887E8175A3CE500C1D90C /* WC.m in Sources */ = {isa = PBXBuildFile; fileRef = A07887C3175A3CE500C1D90C /* WC.m */; };
		A07887E9175A3CE500C1D90C /* EatingArea.m in Sources */ = {isa = PBXBuildFile; fileRef = A07887C5175A3CE500C1D90C /* EatingArea.m */; };
		A07887EA175A3CE500C1D90C /* Room.m in Sources */ = {isa = PBXBuildFile; fileRef = A07887C7175A3CE500C1D90C /* Room.m */; };
		A07887EB175A3CE500C1D90C /* PeopleCell.m in Sources */ = {isa = PBXBuildFile; fileRef = A07887C9175A3CE500C1D90C /* PeopleCell.m */; };
		A07887EC175A3CE500C1D90C /* PeopleViewController.m in Sources */ = {isa = PBXBuildFile; fileRef = A07887CB175A3CE500C1D90C /* PeopleViewController.m */; };
		A07887ED175A3CE500C1D90C /* AppDelegate.m in Sources */ = {isa = PBXBuildFile; fileRef = A07887CD175A3CE500C1D90C /* AppDelegate.m */; };
		A07887EE175A3CE500C1D90C /* CustomCellTwo.m in Sources */ = {isa = PBXBuildFile; fileRef = A07887CF175A3CE500C1D90C /* CustomCellTwo.m */; };
		A07887EF175A3CE500C1D90C /* CustomCellOne.m in Sources */ = {isa = PBXBuildFile; fileRef = A07887D1175A3CE500C1D90C /* CustomCellOne.m */; };
		A07887F0175A3CE500C1D90C /* HomeViewController.m in Sources */ = {isa = PBXBuildFile; fileRef = A07887D3175A3CE500C1D90C /* HomeViewController.m */; };
		A07887F1175A3CE500C1D90C /* ManageViewController.m in Sources */ = {isa = PBXBuildFile; fileRef = A07887D5175A3CE500C1D90C /* ManageViewController.m */; };
		A07887F2175A3CE500C1D90C /* MenuViewController.m in Sources */ = {isa = PBXBuildFile; fileRef = A07887D7175A3CE500C1D90C /* MenuViewController.m */; };
		A07887F3175A3CE500C1D90C /* ManageConfCell.m in Sources */ = {isa = PBXBuildFile; fileRef = A07887D9175A3CE500C1D90C /* ManageConfCell.m */; };
		A07887F4175A3CE500C1D90C /* MainStoryboard.storyboard in Resources */ = {isa = PBXBuildFile; fileRef = A07887DA175A3CE500C1D90C /* MainStoryboard.storyboard */; };
		A07887FA175A3DAA00C1D90C /* 11.png in Resources */ = {isa = PBXBuildFile; fileRef = A07887F5175A3DAA00C1D90C /* 11.png */; };
		A07887FB175A3DAA00C1D90C /* pulpito.png in Resources */ = {isa = PBXBuildFile; fileRef = A07887F6175A3DAA00C1D90C /* pulpito.png */; };
		A07887FC175A3DAA00C1D90C /* checkbox-checked.png in Resources */ = {isa = PBXBuildFile; fileRef = A07887F7175A3DAA00C1D90C /* checkbox-checked.png */; };
		A07887FD175A3DAA00C1D90C /* checkbox.png in Resources */ = {isa = PBXBuildFile; fileRef = A07887F8175A3DAA00C1D90C /* checkbox.png */; };
		A07887FE175A3DAA00C1D90C /* conf.jpg in Resources */ = {isa = PBXBuildFile; fileRef = A07887F9175A3DAA00C1D90C /* conf.jpg */; };
		A0817F2F1760A7650065E30A /* 1.jpg in Resources */ = {isa = PBXBuildFile; fileRef = A0817F261760A7650065E30A /* 1.jpg */; };
		A0817F301760A7650065E30A /* 2.jpg in Resources */ = {isa = PBXBuildFile; fileRef = A0817F271760A7650065E30A /* 2.jpg */; };
		A0817F311760A7650065E30A /* 3.jpg in Resources */ = {isa = PBXBuildFile; fileRef = A0817F281760A7650065E30A /* 3.jpg */; };
		A0817F321760A7650065E30A /* 5.jpg in Resources */ = {isa = PBXBuildFile; fileRef = A0817F291760A7650065E30A /* 5.jpg */; };
		A0817F331760A7650065E30A /* 6.jpg in Resources */ = {isa = PBXBuildFile; fileRef = A0817F2A1760A7650065E30A /* 6.jpg */; };
		A0817F341760A7650065E30A /* 7.jpg in Resources */ = {isa = PBXBuildFile; fileRef = A0817F2B1760A7650065E30A /* 7.jpg */; };
		A0817F351760A7650065E30A /* 8.jpg in Resources */ = {isa = PBXBuildFile; fileRef = A0817F2C1760A7650065E30A /* 8.jpg */; };
		A0817F361760A7650065E30A /* 9.jpg in Resources */ = {isa = PBXBuildFile; fileRef = A0817F2D1760A7650065E30A /* 9.jpg */; };
		A0817F371760A7650065E30A /* 10.jpg in Resources */ = {isa = PBXBuildFile; fileRef = A0817F2E1760A7650065E30A /* 10.jpg */; };
		A0817F391760A7700065E30A /* author.jpg in Resources */ = {isa = PBXBuildFile; fileRef = A0817F381760A7700065E30A /* author.jpg */; };
		A0817F3D1760A8240065E30A /* inforum.jpg in Resources */ = {isa = PBXBuildFile; fileRef = A0817F3A1760A8240065E30A /* inforum.jpg */; };
		A0817F3E1760A8240065E30A /* musepat.jpg in Resources */ = {isa = PBXBuildFile; fileRef = A0817F3B1760A8240065E30A /* musepat.jpg */; };
		A0817F3F1760A8240065E30A /* speaker.jpg in Resources */ = {isa = PBXBuildFile; fileRef = A0817F3C1760A8240065E30A /* speaker.jpg */; };
/* End PBXBuildFile section */

/* Begin PBXFileReference section */
		280F372F1763E9DE00E72424 /* note_paper_left.jpg */ = {isa = PBXFileReference; lastKnownFileType = image.jpeg; path = note_paper_left.jpg; sourceTree = "<group>"; };
		280F37301763E9DE00E72424 /* note_paper.png */ = {isa = PBXFileReference; lastKnownFileType = image.png; path = note_paper.png; sourceTree = "<group>"; };
		280F37311763E9DE00E72424 /* blank_paper.png */ = {isa = PBXFileReference; lastKnownFileType = image.png; path = blank_paper.png; sourceTree = "<group>"; };
		285FF4B51760BC0E001135E1 /* CellMyConferences.h */ = {isa = PBXFileReference; fileEncoding = 4; lastKnownFileType = sourcecode.c.h; name = CellMyConferences.h; path = ../CellMyConferences.h; sourceTree = "<group>"; };
		285FF4B61760BC0E001135E1 /* CellMyConferences.m */ = {isa = PBXFileReference; fileEncoding = 4; lastKnownFileType = sourcecode.c.objc; name = CellMyConferences.m; path = ../CellMyConferences.m; sourceTree = "<group>"; };
		285FF4B81760BE0C001135E1 /* newConferenceContainer.h */ = {isa = PBXFileReference; fileEncoding = 4; lastKnownFileType = sourcecode.c.h; name = newConferenceContainer.h; path = ../newConferenceContainer.h; sourceTree = "<group>"; };
		285FF4B91760BE0C001135E1 /* newConferenceContainer.m */ = {isa = PBXFileReference; fileEncoding = 4; lastKnownFileType = sourcecode.c.objc; name = newConferenceContainer.m; path = ../newConferenceContainer.m; sourceTree = "<group>"; };
		285FF4BB1760BE6A001135E1 /* ConferenceScreenViewController.h */ = {isa = PBXFileReference; fileEncoding = 4; lastKnownFileType = sourcecode.c.h; name = ConferenceScreenViewController.h; path = ../ConferenceScreenViewController.h; sourceTree = "<group>"; };
		285FF4BC1760BE6A001135E1 /* ConferenceScreenViewController.m */ = {isa = PBXFileReference; fileEncoding = 4; lastKnownFileType = sourcecode.c.objc; name = ConferenceScreenViewController.m; path = ../ConferenceScreenViewController.m; sourceTree = "<group>"; };
		28A3A88E175E9CAA0002BC93 /* PersonViewController.h */ = {isa = PBXFileReference; fileEncoding = 4; lastKnownFileType = sourcecode.c.h; name = PersonViewController.h; path = ../PersonViewController.h; sourceTree = "<group>"; };
		28A3A88F175E9CAA0002BC93 /* PersonViewController.m */ = {isa = PBXFileReference; fileEncoding = 4; lastKnownFileType = sourcecode.c.objc; name = PersonViewController.m; path = ../PersonViewController.m; sourceTree = "<group>"; };
		28ADEE191760C7E60059F458 /* Conference.h */ = {isa = PBXFileReference; fileEncoding = 4; lastKnownFileType = sourcecode.c.h; path = Conference.h; sourceTree = "<group>"; };
		28ADEE1A1760C7E60059F458 /* Conference.m */ = {isa = PBXFileReference; fileEncoding = 4; lastKnownFileType = sourcecode.c.objc; path = Conference.m; sourceTree = "<group>"; };
		28ADEE1C1760C7FB0059F458 /* IConfs.h */ = {isa = PBXFileReference; fileEncoding = 4; lastKnownFileType = sourcecode.c.h; path = IConfs.h; sourceTree = "<group>"; };
		28ADEE1D1760C7FB0059F458 /* IConfs.m */ = {isa = PBXFileReference; fileEncoding = 4; lastKnownFileType = sourcecode.c.objc; path = IConfs.m; sourceTree = "<group>"; };
		28ADEE1F1760D2D70059F458 /* Conference-News.h */ = {isa = PBXFileReference; fileEncoding = 4; lastKnownFileType = sourcecode.c.h; path = "Conference-News.h"; sourceTree = "<group>"; };
		28ADEE201760D2D70059F458 /* Conference-News.m */ = {isa = PBXFileReference; fileEncoding = 4; lastKnownFileType = sourcecode.c.objc; path = "Conference-News.m"; sourceTree = "<group>"; };
		28ADEE221760D4140059F458 /* CellNewsInsideConference.h */ = {isa = PBXFileReference; fileEncoding = 4; lastKnownFileType = sourcecode.c.h; path = CellNewsInsideConference.h; sourceTree = "<group>"; };
		28ADEE231760D4140059F458 /* CellNewsInsideConference.m */ = {isa = PBXFileReference; fileEncoding = 4; lastKnownFileType = sourcecode.c.objc; path = CellNewsInsideConference.m; sourceTree = "<group>"; };
		28ADEE251760E2330059F458 /* menuButton.png */ = {isa = PBXFileReference; lastKnownFileType = image.png; path = menuButton.png; sourceTree = "<group>"; };
		28CF7711175F8E240070B4D5 /* PeopleC2.h */ = {isa = PBXFileReference; fileEncoding = 4; lastKnownFileType = sourcecode.c.h; path = PeopleC2.h; sourceTree = "<group>"; };
		28CF7712175F8E240070B4D5 /* PeopleC2.m */ = {isa = PBXFileReference; fileEncoding = 4; lastKnownFileType = sourcecode.c.objc; path = PeopleC2.m; sourceTree = "<group>"; };
		28CF7714175F8FD10070B4D5 /* Teste.h */ = {isa = PBXFileReference; fileEncoding = 4; lastKnownFileType = sourcecode.c.h; path = Teste.h; sourceTree = "<group>"; };
		28CF7715175F8FD10070B4D5 /* Teste.m */ = {isa = PBXFileReference; fileEncoding = 4; lastKnownFileType = sourcecode.c.objc; path = Teste.m; sourceTree = "<group>"; };
		28CF7717175FC2ED0070B4D5 /* speaker.jpg */ = {isa = PBXFileReference; lastKnownFileType = image.jpeg; path = speaker.jpg; sourceTree = "<group>"; };
		28CF7718175FC2ED0070B4D5 /* author.jpg */ = {isa = PBXFileReference; lastKnownFileType = image.jpeg; path = author.jpg; sourceTree = "<group>"; };
		28D97F37175BFF8300AA3A80 /* Post-it-note-transparent.png */ = {isa = PBXFileReference; lastKnownFileType = image.png; path = "Post-it-note-transparent.png"; sourceTree = "<group>"; };
		707522F9175FDF7C002F8708 /* AppDataObject.h */ = {isa = PBXFileReference; fileEncoding = 4; lastKnownFileType = sourcecode.c.h; path = AppDataObject.h; sourceTree = "<group>"; };
		707522FA175FDF7C002F8708 /* AppDataObject.m */ = {isa = PBXFileReference; fileEncoding = 4; lastKnownFileType = sourcecode.c.objc; path = AppDataObject.m; sourceTree = "<group>"; };
		707AB509175FE67E00A2B85A /* AppDelegateProtocol.h */ = {isa = PBXFileReference; fileEncoding = 4; lastKnownFileType = sourcecode.c.h; path = AppDelegateProtocol.h; sourceTree = "<group>"; };
		707B3FE61760CF1E0069716F /* menuButton.png */ = {isa = PBXFileReference; lastKnownFileType = image.png; path = menuButton.png; sourceTree = "<group>"; };
		707B7C11175D62CD00E4747A /* ECSlidingViewController.h */ = {isa = PBXFileReference; fileEncoding = 4; lastKnownFileType = sourcecode.c.h; path = ECSlidingViewController.h; sourceTree = "<group>"; };
		707B7C12175D62CD00E4747A /* ECSlidingViewController.m */ = {isa = PBXFileReference; fileEncoding = 4; lastKnownFileType = sourcecode.c.objc; path = ECSlidingViewController.m; sourceTree = "<group>"; };
		707B7C13175D62CD00E4747A /* UIImage+ImageWithUIView.h */ = {isa = PBXFileReference; fileEncoding = 4; lastKnownFileType = sourcecode.c.h; path = "UIImage+ImageWithUIView.h"; sourceTree = "<group>"; };
		707B7C14175D62CD00E4747A /* UIImage+ImageWithUIView.m */ = {isa = PBXFileReference; fileEncoding = 4; lastKnownFileType = sourcecode.c.objc; path = "UIImage+ImageWithUIView.m"; sourceTree = "<group>"; };
		707B7C17175D6E2B00E4747A /* InitViewController.h */ = {isa = PBXFileReference; fileEncoding = 4; lastKnownFileType = sourcecode.c.h; path = InitViewController.h; sourceTree = "<group>"; };
		707B7C18175D6E2B00E4747A /* InitViewController.m */ = {isa = PBXFileReference; fileEncoding = 4; lastKnownFileType = sourcecode.c.objc; path = InitViewController.m; sourceTree = "<group>"; };
		A057014F175E2847000FED8F /* TestingViewController.h */ = {isa = PBXFileReference; fileEncoding = 4; lastKnownFileType = sourcecode.c.h; path = TestingViewController.h; sourceTree = "<group>"; };
		A0570150175E2848000FED8F /* TestingViewController.m */ = {isa = PBXFileReference; fileEncoding = 4; lastKnownFileType = sourcecode.c.objc; path = TestingViewController.m; sourceTree = "<group>"; };
		A05A74EF1760F6CF00F021BD /* crypt.h */ = {isa = PBXFileReference; fileEncoding = 4; lastKnownFileType = sourcecode.c.h; path = crypt.h; sourceTree = "<group>"; };
		A05A74F01760F6CF00F021BD /* ioapi.c */ = {isa = PBXFileReference; fileEncoding = 4; lastKnownFileType = sourcecode.c.c; path = ioapi.c; sourceTree = "<group>"; };
		A05A74F11760F6CF00F021BD /* ioapi.h */ = {isa = PBXFileReference; fileEncoding = 4; lastKnownFileType = sourcecode.c.h; path = ioapi.h; sourceTree = "<group>"; };
		A05A74F21760F6CF00F021BD /* mztools.c */ = {isa = PBXFileReference; fileEncoding = 4; lastKnownFileType = sourcecode.c.c; path = mztools.c; sourceTree = "<group>"; };
		A05A74F31760F6CF00F021BD /* mztools.h */ = {isa = PBXFileReference; fileEncoding = 4; lastKnownFileType = sourcecode.c.h; path = mztools.h; sourceTree = "<group>"; };
		A05A74F41760F6CF00F021BD /* unzip.c */ = {isa = PBXFileReference; fileEncoding = 4; lastKnownFileType = sourcecode.c.c; path = unzip.c; sourceTree = "<group>"; };
		A05A74F51760F6CF00F021BD /* unzip.h */ = {isa = PBXFileReference; fileEncoding = 4; lastKnownFileType = sourcecode.c.h; path = unzip.h; sourceTree = "<group>"; };
		A05A74F61760F6CF00F021BD /* zip.c */ = {isa = PBXFileReference; fileEncoding = 4; lastKnownFileType = sourcecode.c.c; path = zip.c; sourceTree = "<group>"; };
		A05A74F71760F6CF00F021BD /* zip.h */ = {isa = PBXFileReference; fileEncoding = 4; lastKnownFileType = sourcecode.c.h; path = zip.h; sourceTree = "<group>"; };
		A05A74F81760F6CF00F021BD /* ZipArchive.h */ = {isa = PBXFileReference; fileEncoding = 4; lastKnownFileType = sourcecode.c.h; path = ZipArchive.h; sourceTree = "<group>"; };
		A05A74F91760F6CF00F021BD /* ZipArchive.mm */ = {isa = PBXFileReference; fileEncoding = 4; lastKnownFileType = sourcecode.cpp.objcpp; path = ZipArchive.mm; sourceTree = "<group>"; };
		A05A74FF1760F7F600F021BD /* libz.1.2.5.dylib */ = {isa = PBXFileReference; lastKnownFileType = "compiled.mach-o.dylib"; name = libz.1.2.5.dylib; path = usr/lib/libz.1.2.5.dylib; sourceTree = SDKROOT; };
		A0788783175A3C7800C1D90C /* iConfs.app */ = {isa = PBXFileReference; explicitFileType = wrapper.application; includeInIndex = 0; path = iConfs.app; sourceTree = BUILT_PRODUCTS_DIR; };
		A0788786175A3C7800C1D90C /* UIKit.framework */ = {isa = PBXFileReference; lastKnownFileType = wrapper.framework; name = UIKit.framework; path = System/Library/Frameworks/UIKit.framework; sourceTree = SDKROOT; };
		A0788788175A3C7800C1D90C /* Foundation.framework */ = {isa = PBXFileReference; lastKnownFileType = wrapper.framework; name = Foundation.framework; path = System/Library/Frameworks/Foundation.framework; sourceTree = SDKROOT; };
		A078878A175A3C7800C1D90C /* CoreGraphics.framework */ = {isa = PBXFileReference; lastKnownFileType = wrapper.framework; name = CoreGraphics.framework; path = System/Library/Frameworks/CoreGraphics.framework; sourceTree = SDKROOT; };
		A078878C175A3C7800C1D90C /* CoreData.framework */ = {isa = PBXFileReference; lastKnownFileType = wrapper.framework; name = CoreData.framework; path = System/Library/Frameworks/CoreData.framework; sourceTree = SDKROOT; };
		A0788790175A3C7800C1D90C /* iConfs-Info.plist */ = {isa = PBXFileReference; lastKnownFileType = text.plist.xml; path = "iConfs-Info.plist"; sourceTree = "<group>"; };
		A0788792175A3C7800C1D90C /* en */ = {isa = PBXFileReference; lastKnownFileType = text.plist.strings; name = en; path = en.lproj/InfoPlist.strings; sourceTree = "<group>"; };
		A0788794175A3C7800C1D90C /* main.m */ = {isa = PBXFileReference; lastKnownFileType = sourcecode.c.objc; path = main.m; sourceTree = "<group>"; };
		A0788796175A3C7800C1D90C /* iConfs-Prefix.pch */ = {isa = PBXFileReference; lastKnownFileType = sourcecode.c.h; path = "iConfs-Prefix.pch"; sourceTree = "<group>"; };
		A078879A175A3C7800C1D90C /* Default.png */ = {isa = PBXFileReference; lastKnownFileType = image.png; path = Default.png; sourceTree = "<group>"; };
		A078879C175A3C7800C1D90C /* Default@2x.png */ = {isa = PBXFileReference; lastKnownFileType = image.png; path = "Default@2x.png"; sourceTree = "<group>"; };
		A078879E175A3C7800C1D90C /* Default-568h@2x.png */ = {isa = PBXFileReference; lastKnownFileType = image.png; path = "Default-568h@2x.png"; sourceTree = "<group>"; };
		A07887A1175A3C7800C1D90C /* iConfs.xcdatamodel */ = {isa = PBXFileReference; lastKnownFileType = wrapper.xcdatamodel; path = iConfs.xcdatamodel; sourceTree = "<group>"; };
		A07887AC175A3CE500C1D90C /* Event.h */ = {isa = PBXFileReference; fileEncoding = 4; lastKnownFileType = sourcecode.c.h; path = Event.h; sourceTree = "<group>"; };
		A07887AD175A3CE500C1D90C /* Event.m */ = {isa = PBXFileReference; fileEncoding = 4; lastKnownFileType = sourcecode.c.objc; path = Event.m; sourceTree = "<group>"; };
		A07887AE175A3CE500C1D90C /* News.h */ = {isa = PBXFileReference; fileEncoding = 4; lastKnownFileType = sourcecode.c.h; path = News.h; sourceTree = "<group>"; };
		A07887AF175A3CE500C1D90C /* News.m */ = {isa = PBXFileReference; fileEncoding = 4; lastKnownFileType = sourcecode.c.objc; path = News.m; sourceTree = "<group>"; };
		A07887B0175A3CE500C1D90C /* EventWorkshop.h */ = {isa = PBXFileReference; fileEncoding = 4; lastKnownFileType = sourcecode.c.h; path = EventWorkshop.h; sourceTree = "<group>"; };
		A07887B1175A3CE500C1D90C /* EventWorkshop.m */ = {isa = PBXFileReference; fileEncoding = 4; lastKnownFileType = sourcecode.c.objc; path = EventWorkshop.m; sourceTree = "<group>"; };
		A07887B2175A3CE500C1D90C /* Session.h */ = {isa = PBXFileReference; fileEncoding = 4; lastKnownFileType = sourcecode.c.h; path = Session.h; sourceTree = "<group>"; };
		A07887B3175A3CE500C1D90C /* Session.m */ = {isa = PBXFileReference; fileEncoding = 4; lastKnownFileType = sourcecode.c.objc; path = Session.m; sourceTree = "<group>"; };
		A07887B4175A3CE500C1D90C /* Person.h */ = {isa = PBXFileReference; fileEncoding = 4; lastKnownFileType = sourcecode.c.h; path = Person.h; sourceTree = "<group>"; };
		A07887B5175A3CE500C1D90C /* Person.m */ = {isa = PBXFileReference; fileEncoding = 4; lastKnownFileType = sourcecode.c.objc; path = Person.m; sourceTree = "<group>"; };
		A07887B6175A3CE500C1D90C /* Organizer.h */ = {isa = PBXFileReference; fileEncoding = 4; lastKnownFileType = sourcecode.c.h; path = Organizer.h; sourceTree = "<group>"; };
		A07887B7175A3CE500C1D90C /* Organizer.m */ = {isa = PBXFileReference; fileEncoding = 4; lastKnownFileType = sourcecode.c.objc; path = Organizer.m; sourceTree = "<group>"; };
		A07887B8175A3CE500C1D90C /* Author.h */ = {isa = PBXFileReference; fileEncoding = 4; lastKnownFileType = sourcecode.c.h; path = Author.h; sourceTree = "<group>"; };
		A07887B9175A3CE500C1D90C /* Author.m */ = {isa = PBXFileReference; fileEncoding = 4; lastKnownFileType = sourcecode.c.objc; path = Author.m; sourceTree = "<group>"; };
		A07887BA175A3CE500C1D90C /* Speaker.h */ = {isa = PBXFileReference; fileEncoding = 4; lastKnownFileType = sourcecode.c.h; path = Speaker.h; sourceTree = "<group>"; };
		A07887BB175A3CE500C1D90C /* Speaker.m */ = {isa = PBXFileReference; fileEncoding = 4; lastKnownFileType = sourcecode.c.objc; path = Speaker.m; sourceTree = "<group>"; };
		A07887BC175A3CE500C1D90C /* Notification.h */ = {isa = PBXFileReference; fileEncoding = 4; lastKnownFileType = sourcecode.c.h; path = Notification.h; sourceTree = "<group>"; };
		A07887BD175A3CE500C1D90C /* Notification.m */ = {isa = PBXFileReference; fileEncoding = 4; lastKnownFileType = sourcecode.c.objc; path = Notification.m; sourceTree = "<group>"; };
		A07887BE175A3CE500C1D90C /* Paper.h */ = {isa = PBXFileReference; fileEncoding = 4; lastKnownFileType = sourcecode.c.h; path = Paper.h; sourceTree = "<group>"; };
		A07887BF175A3CE500C1D90C /* Paper.m */ = {isa = PBXFileReference; fileEncoding = 4; lastKnownFileType = sourcecode.c.objc; path = Paper.m; sourceTree = "<group>"; };
		A07887C0175A3CE500C1D90C /* Place.h */ = {isa = PBXFileReference; fileEncoding = 4; lastKnownFileType = sourcecode.c.h; path = Place.h; sourceTree = "<group>"; };
		A07887C1175A3CE500C1D90C /* Place.m */ = {isa = PBXFileReference; fileEncoding = 4; lastKnownFileType = sourcecode.c.objc; path = Place.m; sourceTree = "<group>"; };
		A07887C2175A3CE500C1D90C /* WC.h */ = {isa = PBXFileReference; fileEncoding = 4; lastKnownFileType = sourcecode.c.h; path = WC.h; sourceTree = "<group>"; };
		A07887C3175A3CE500C1D90C /* WC.m */ = {isa = PBXFileReference; fileEncoding = 4; lastKnownFileType = sourcecode.c.objc; path = WC.m; sourceTree = "<group>"; };
		A07887C4175A3CE500C1D90C /* EatingArea.h */ = {isa = PBXFileReference; fileEncoding = 4; lastKnownFileType = sourcecode.c.h; path = EatingArea.h; sourceTree = "<group>"; };
		A07887C5175A3CE500C1D90C /* EatingArea.m */ = {isa = PBXFileReference; fileEncoding = 4; lastKnownFileType = sourcecode.c.objc; path = EatingArea.m; sourceTree = "<group>"; };
		A07887C6175A3CE500C1D90C /* Room.h */ = {isa = PBXFileReference; fileEncoding = 4; lastKnownFileType = sourcecode.c.h; path = Room.h; sourceTree = "<group>"; };
		A07887C7175A3CE500C1D90C /* Room.m */ = {isa = PBXFileReference; fileEncoding = 4; lastKnownFileType = sourcecode.c.objc; path = Room.m; sourceTree = "<group>"; };
		A07887C8175A3CE500C1D90C /* PeopleCell.h */ = {isa = PBXFileReference; fileEncoding = 4; lastKnownFileType = sourcecode.c.h; path = PeopleCell.h; sourceTree = "<group>"; };
		A07887C9175A3CE500C1D90C /* PeopleCell.m */ = {isa = PBXFileReference; fileEncoding = 4; lastKnownFileType = sourcecode.c.objc; path = PeopleCell.m; sourceTree = "<group>"; };
		A07887CA175A3CE500C1D90C /* PeopleViewController.h */ = {isa = PBXFileReference; fileEncoding = 4; lastKnownFileType = sourcecode.c.h; path = PeopleViewController.h; sourceTree = "<group>"; };
		A07887CB175A3CE500C1D90C /* PeopleViewController.m */ = {isa = PBXFileReference; fileEncoding = 4; lastKnownFileType = sourcecode.c.objc; path = PeopleViewController.m; sourceTree = "<group>"; };
		A07887CC175A3CE500C1D90C /* AppDelegate.h */ = {isa = PBXFileReference; fileEncoding = 4; lastKnownFileType = sourcecode.c.h; path = AppDelegate.h; sourceTree = "<group>"; };
		A07887CD175A3CE500C1D90C /* AppDelegate.m */ = {isa = PBXFileReference; fileEncoding = 4; lastKnownFileType = sourcecode.c.objc; path = AppDelegate.m; sourceTree = "<group>"; };
		A07887CE175A3CE500C1D90C /* CustomCellTwo.h */ = {isa = PBXFileReference; fileEncoding = 4; lastKnownFileType = sourcecode.c.h; path = CustomCellTwo.h; sourceTree = "<group>"; };
		A07887CF175A3CE500C1D90C /* CustomCellTwo.m */ = {isa = PBXFileReference; fileEncoding = 4; lastKnownFileType = sourcecode.c.objc; path = CustomCellTwo.m; sourceTree = "<group>"; };
		A07887D0175A3CE500C1D90C /* CustomCellOne.h */ = {isa = PBXFileReference; fileEncoding = 4; lastKnownFileType = sourcecode.c.h; path = CustomCellOne.h; sourceTree = "<group>"; };
		A07887D1175A3CE500C1D90C /* CustomCellOne.m */ = {isa = PBXFileReference; fileEncoding = 4; lastKnownFileType = sourcecode.c.objc; path = CustomCellOne.m; sourceTree = "<group>"; };
		A07887D2175A3CE500C1D90C /* HomeViewController.h */ = {isa = PBXFileReference; fileEncoding = 4; lastKnownFileType = sourcecode.c.h; path = HomeViewController.h; sourceTree = "<group>"; };
		A07887D3175A3CE500C1D90C /* HomeViewController.m */ = {isa = PBXFileReference; fileEncoding = 4; lastKnownFileType = sourcecode.c.objc; path = HomeViewController.m; sourceTree = "<group>"; };
		A07887D4175A3CE500C1D90C /* ManageViewController.h */ = {isa = PBXFileReference; fileEncoding = 4; lastKnownFileType = sourcecode.c.h; path = ManageViewController.h; sourceTree = "<group>"; };
		A07887D5175A3CE500C1D90C /* ManageViewController.m */ = {isa = PBXFileReference; fileEncoding = 4; lastKnownFileType = sourcecode.c.objc; path = ManageViewController.m; sourceTree = "<group>"; };
		A07887D6175A3CE500C1D90C /* MenuViewController.h */ = {isa = PBXFileReference; fileEncoding = 4; lastKnownFileType = sourcecode.c.h; path = MenuViewController.h; sourceTree = "<group>"; };
		A07887D7175A3CE500C1D90C /* MenuViewController.m */ = {isa = PBXFileReference; fileEncoding = 4; lastKnownFileType = sourcecode.c.objc; path = MenuViewController.m; sourceTree = "<group>"; };
		A07887D8175A3CE500C1D90C /* ManageConfCell.h */ = {isa = PBXFileReference; fileEncoding = 4; lastKnownFileType = sourcecode.c.h; path = ManageConfCell.h; sourceTree = "<group>"; };
		A07887D9175A3CE500C1D90C /* ManageConfCell.m */ = {isa = PBXFileReference; fileEncoding = 4; lastKnownFileType = sourcecode.c.objc; path = ManageConfCell.m; sourceTree = "<group>"; };
		A07887DA175A3CE500C1D90C /* MainStoryboard.storyboard */ = {isa = PBXFileReference; fileEncoding = 4; lastKnownFileType = file.storyboard; path = MainStoryboard.storyboard; sourceTree = "<group>"; };
		A07887F5175A3DAA00C1D90C /* 11.png */ = {isa = PBXFileReference; lastKnownFileType = image.png; path = 11.png; sourceTree = "<group>"; };
		A07887F6175A3DAA00C1D90C /* pulpito.png */ = {isa = PBXFileReference; lastKnownFileType = image.png; path = pulpito.png; sourceTree = "<group>"; };
		A07887F7175A3DAA00C1D90C /* checkbox-checked.png */ = {isa = PBXFileReference; lastKnownFileType = image.png; path = "checkbox-checked.png"; sourceTree = "<group>"; };
		A07887F8175A3DAA00C1D90C /* checkbox.png */ = {isa = PBXFileReference; lastKnownFileType = image.png; path = checkbox.png; sourceTree = "<group>"; };
		A07887F9175A3DAA00C1D90C /* conf.jpg */ = {isa = PBXFileReference; lastKnownFileType = image.jpeg; path = conf.jpg; sourceTree = "<group>"; };
		A0817F261760A7650065E30A /* 1.jpg */ = {isa = PBXFileReference; lastKnownFileType = image.jpeg; path = 1.jpg; sourceTree = "<group>"; };
		A0817F271760A7650065E30A /* 2.jpg */ = {isa = PBXFileReference; lastKnownFileType = image.jpeg; path = 2.jpg; sourceTree = "<group>"; };
		A0817F281760A7650065E30A /* 3.jpg */ = {isa = PBXFileReference; lastKnownFileType = image.jpeg; path = 3.jpg; sourceTree = "<group>"; };
		A0817F291760A7650065E30A /* 5.jpg */ = {isa = PBXFileReference; lastKnownFileType = image.jpeg; path = 5.jpg; sourceTree = "<group>"; };
		A0817F2A1760A7650065E30A /* 6.jpg */ = {isa = PBXFileReference; lastKnownFileType = image.jpeg; path = 6.jpg; sourceTree = "<group>"; };
		A0817F2B1760A7650065E30A /* 7.jpg */ = {isa = PBXFileReference; lastKnownFileType = image.jpeg; path = 7.jpg; sourceTree = "<group>"; };
		A0817F2C1760A7650065E30A /* 8.jpg */ = {isa = PBXFileReference; lastKnownFileType = image.jpeg; path = 8.jpg; sourceTree = "<group>"; };
		A0817F2D1760A7650065E30A /* 9.jpg */ = {isa = PBXFileReference; lastKnownFileType = image.jpeg; path = 9.jpg; sourceTree = "<group>"; };
		A0817F2E1760A7650065E30A /* 10.jpg */ = {isa = PBXFileReference; lastKnownFileType = image.jpeg; path = 10.jpg; sourceTree = "<group>"; };
		A0817F381760A7700065E30A /* author.jpg */ = {isa = PBXFileReference; lastKnownFileType = image.jpeg; path = author.jpg; sourceTree = "<group>"; };
		A0817F3A1760A8240065E30A /* inforum.jpg */ = {isa = PBXFileReference; lastKnownFileType = image.jpeg; path = inforum.jpg; sourceTree = "<group>"; };
		A0817F3B1760A8240065E30A /* musepat.jpg */ = {isa = PBXFileReference; lastKnownFileType = image.jpeg; path = musepat.jpg; sourceTree = "<group>"; };
		A0817F3C1760A8240065E30A /* speaker.jpg */ = {isa = PBXFileReference; lastKnownFileType = image.jpeg; path = speaker.jpg; sourceTree = "<group>"; };
/* End PBXFileReference section */

/* Begin PBXFrameworksBuildPhase section */
		A0788780175A3C7800C1D90C /* Frameworks */ = {
			isa = PBXFrameworksBuildPhase;
			buildActionMask = 2147483647;
			files = (
				A05A75001760F7F600F021BD /* libz.1.2.5.dylib in Frameworks */,
				A0788787175A3C7800C1D90C /* UIKit.framework in Frameworks */,
				A0788789175A3C7800C1D90C /* Foundation.framework in Frameworks */,
				A078878B175A3C7800C1D90C /* CoreGraphics.framework in Frameworks */,
				A078878D175A3C7800C1D90C /* CoreData.framework in Frameworks */,
			);
			runOnlyForDeploymentPostprocessing = 0;
		};
/* End PBXFrameworksBuildPhase section */

/* Begin PBXGroup section */
		707B7C10175D62CD00E4747A /* ECSlidingViewController */ = {
			isa = PBXGroup;
			children = (
				707B7C11175D62CD00E4747A /* ECSlidingViewController.h */,
				707B7C12175D62CD00E4747A /* ECSlidingViewController.m */,
				707B7C13175D62CD00E4747A /* UIImage+ImageWithUIView.h */,
				707B7C14175D62CD00E4747A /* UIImage+ImageWithUIView.m */,
			);
			name = ECSlidingViewController;
			path = iConfs/ECSlidingViewController;
			sourceTree = "<group>";
		};
		A05A74EE1760F6CF00F021BD /* minizip */ = {
			isa = PBXGroup;
			children = (
				A05A74EF1760F6CF00F021BD /* crypt.h */,
				A05A74F01760F6CF00F021BD /* ioapi.c */,
				A05A74F11760F6CF00F021BD /* ioapi.h */,
				A05A74F21760F6CF00F021BD /* mztools.c */,
				A05A74F31760F6CF00F021BD /* mztools.h */,
				A05A74F41760F6CF00F021BD /* unzip.c */,
				A05A74F51760F6CF00F021BD /* unzip.h */,
				A05A74F61760F6CF00F021BD /* zip.c */,
				A05A74F71760F6CF00F021BD /* zip.h */,
			);
			path = minizip;
			sourceTree = "<group>";
		};
		A078877A175A3C7800C1D90C = {
			isa = PBXGroup;
			children = (
				A05A74FF1760F7F600F021BD /* libz.1.2.5.dylib */,
				707B7C10175D62CD00E4747A /* ECSlidingViewController */,
				A078878E175A3C7800C1D90C /* iConfs */,
				A0788785175A3C7800C1D90C /* Frameworks */,
				A0788784175A3C7800C1D90C /* Products */,
			);
			sourceTree = "<group>";
		};
		A0788784175A3C7800C1D90C /* Products */ = {
			isa = PBXGroup;
			children = (
				A0788783175A3C7800C1D90C /* iConfs.app */,
			);
			name = Products;
			sourceTree = "<group>";
		};
		A0788785175A3C7800C1D90C /* Frameworks */ = {
			isa = PBXGroup;
			children = (
				A0788786175A3C7800C1D90C /* UIKit.framework */,
				A0788788175A3C7800C1D90C /* Foundation.framework */,
				A078878A175A3C7800C1D90C /* CoreGraphics.framework */,
				A078878C175A3C7800C1D90C /* CoreData.framework */,
			);
			name = Frameworks;
			sourceTree = "<group>";
		};
		A078878E175A3C7800C1D90C /* iConfs */ = {
			isa = PBXGroup;
			children = (
				A05A74EE1760F6CF00F021BD /* minizip */,
				A05A74F81760F6CF00F021BD /* ZipArchive.h */,
				A05A74F91760F6CF00F021BD /* ZipArchive.mm */,
				707522F9175FDF7C002F8708 /* AppDataObject.h */,
				707522FA175FDF7C002F8708 /* AppDataObject.m */,
				707AB509175FE67E00A2B85A /* AppDelegateProtocol.h */,
				707B7C17175D6E2B00E4747A /* InitViewController.h */,
				707B7C18175D6E2B00E4747A /* InitViewController.m */,
				A07887AC175A3CE500C1D90C /* Event.h */,
				A07887AD175A3CE500C1D90C /* Event.m */,
				285FF4B51760BC0E001135E1 /* CellMyConferences.h */,
				285FF4B61760BC0E001135E1 /* CellMyConferences.m */,
				28ADEE191760C7E60059F458 /* Conference.h */,
				28ADEE1A1760C7E60059F458 /* Conference.m */,
				28ADEE1C1760C7FB0059F458 /* IConfs.h */,
				28ADEE1D1760C7FB0059F458 /* IConfs.m */,
				28A3A88E175E9CAA0002BC93 /* PersonViewController.h */,
				28A3A88F175E9CAA0002BC93 /* PersonViewController.m */,
				285FF4B81760BE0C001135E1 /* newConferenceContainer.h */,
				285FF4B91760BE0C001135E1 /* newConferenceContainer.m */,
				28CF7717175FC2ED0070B4D5 /* speaker.jpg */,
				280F372F1763E9DE00E72424 /* note_paper_left.jpg */,
				280F37301763E9DE00E72424 /* note_paper.png */,
				280F37311763E9DE00E72424 /* blank_paper.png */,
				28CF7718175FC2ED0070B4D5 /* author.jpg */,
				A07887AE175A3CE500C1D90C /* News.h */,
				A07887AF175A3CE500C1D90C /* News.m */,
				A07887B0175A3CE500C1D90C /* EventWorkshop.h */,
				A07887B1175A3CE500C1D90C /* EventWorkshop.m */,
				A07887B2175A3CE500C1D90C /* Session.h */,
				A07887B3175A3CE500C1D90C /* Session.m */,
				A07887B4175A3CE500C1D90C /* Person.h */,
				A07887B5175A3CE500C1D90C /* Person.m */,
				A07887B6175A3CE500C1D90C /* Organizer.h */,
				A07887B7175A3CE500C1D90C /* Organizer.m */,
				A07887B8175A3CE500C1D90C /* Author.h */,
				A07887B9175A3CE500C1D90C /* Author.m */,
				A07887BA175A3CE500C1D90C /* Speaker.h */,
				A07887BB175A3CE500C1D90C /* Speaker.m */,
				A07887BC175A3CE500C1D90C /* Notification.h */,
				A07887BD175A3CE500C1D90C /* Notification.m */,
				A07887BE175A3CE500C1D90C /* Paper.h */,
				A07887BF175A3CE500C1D90C /* Paper.m */,
				A07887C0175A3CE500C1D90C /* Place.h */,
				A07887C1175A3CE500C1D90C /* Place.m */,
				A07887C2175A3CE500C1D90C /* WC.h */,
				A07887C3175A3CE500C1D90C /* WC.m */,
				A07887C4175A3CE500C1D90C /* EatingArea.h */,
				A07887C5175A3CE500C1D90C /* EatingArea.m */,
				A07887C6175A3CE500C1D90C /* Room.h */,
				A07887C7175A3CE500C1D90C /* Room.m */,
				A07887C8175A3CE500C1D90C /* PeopleCell.h */,
				A07887C9175A3CE500C1D90C /* PeopleCell.m */,
				A07887CA175A3CE500C1D90C /* PeopleViewController.h */,
				A07887CB175A3CE500C1D90C /* PeopleViewController.m */,
				A07887CC175A3CE500C1D90C /* AppDelegate.h */,
				A07887CD175A3CE500C1D90C /* AppDelegate.m */,
				A07887CE175A3CE500C1D90C /* CustomCellTwo.h */,
				A07887CF175A3CE500C1D90C /* CustomCellTwo.m */,
				A07887D0175A3CE500C1D90C /* CustomCellOne.h */,
				A07887D1175A3CE500C1D90C /* CustomCellOne.m */,
				A07887D2175A3CE500C1D90C /* HomeViewController.h */,
				A07887D3175A3CE500C1D90C /* HomeViewController.m */,
				A07887D4175A3CE500C1D90C /* ManageViewController.h */,
				A07887D5175A3CE500C1D90C /* ManageViewController.m */,
				A07887D6175A3CE500C1D90C /* MenuViewController.h */,
				A07887D7175A3CE500C1D90C /* MenuViewController.m */,
				A07887D8175A3CE500C1D90C /* ManageConfCell.h */,
				A07887D9175A3CE500C1D90C /* ManageConfCell.m */,
				A07887DA175A3CE500C1D90C /* MainStoryboard.storyboard */,
				28ADEE221760D4140059F458 /* CellNewsInsideConference.h */,
				28ADEE231760D4140059F458 /* CellNewsInsideConference.m */,
				28ADEE1F1760D2D70059F458 /* Conference-News.h */,
				28ADEE201760D2D70059F458 /* Conference-News.m */,
				285FF4BB1760BE6A001135E1 /* ConferenceScreenViewController.h */,
				285FF4BC1760BE6A001135E1 /* ConferenceScreenViewController.m */,
				28CF7711175F8E240070B4D5 /* PeopleC2.h */,
				28CF7712175F8E240070B4D5 /* PeopleC2.m */,
				28CF7714175F8FD10070B4D5 /* Teste.h */,
				28CF7715175F8FD10070B4D5 /* Teste.m */,
				A057014F175E2847000FED8F /* TestingViewController.h */,
				A0570150175E2848000FED8F /* TestingViewController.m */,
				A07887A0175A3C7800C1D90C /* iConfs.xcdatamodeld */,
				A078878F175A3C7800C1D90C /* Supporting Files */,
			);
			path = iConfs;
			sourceTree = "<group>";
		};
		A078878F175A3C7800C1D90C /* Supporting Files */ = {
			isa = PBXGroup;
			children = (
				28ADEE251760E2330059F458 /* menuButton.png */,
				A0817F261760A7650065E30A /* 1.jpg */,
				A0817F271760A7650065E30A /* 2.jpg */,
				A0817F281760A7650065E30A /* 3.jpg */,
				A0817F291760A7650065E30A /* 5.jpg */,
				A0817F2A1760A7650065E30A /* 6.jpg */,
				A0817F2B1760A7650065E30A /* 7.jpg */,
				A0817F2C1760A7650065E30A /* 8.jpg */,
				A0817F2D1760A7650065E30A /* 9.jpg */,
				A0817F2E1760A7650065E30A /* 10.jpg */,
				A07887F5175A3DAA00C1D90C /* 11.png */,
				A0817F381760A7700065E30A /* author.jpg */,
				A0817F3A1760A8240065E30A /* inforum.jpg */,
				A0817F3B1760A8240065E30A /* musepat.jpg */,
				A0817F3C1760A8240065E30A /* speaker.jpg */,
				A07887F6175A3DAA00C1D90C /* pulpito.png */,
				28D97F37175BFF8300AA3A80 /* Post-it-note-transparent.png */,
				A07887F7175A3DAA00C1D90C /* checkbox-checked.png */,
				A07887F8175A3DAA00C1D90C /* checkbox.png */,
				A07887F9175A3DAA00C1D90C /* conf.jpg */,
				A0788790175A3C7800C1D90C /* iConfs-Info.plist */,
				A0788791175A3C7800C1D90C /* InfoPlist.strings */,
				A0788794175A3C7800C1D90C /* main.m */,
				A0788796175A3C7800C1D90C /* iConfs-Prefix.pch */,
				A078879A175A3C7800C1D90C /* Default.png */,
				A078879C175A3C7800C1D90C /* Default@2x.png */,
				A078879E175A3C7800C1D90C /* Default-568h@2x.png */,
			);
			name = "Supporting Files";
			sourceTree = "<group>";
		};
/* End PBXGroup section */

/* Begin PBXNativeTarget section */
		A0788782175A3C7800C1D90C /* iConfs */ = {
			isa = PBXNativeTarget;
			buildConfigurationList = A07887A5175A3C7800C1D90C /* Build configuration list for PBXNativeTarget "iConfs" */;
			buildPhases = (
				A078877F175A3C7800C1D90C /* Sources */,
				A0788780175A3C7800C1D90C /* Frameworks */,
				A0788781175A3C7800C1D90C /* Resources */,
			);
			buildRules = (
			);
			dependencies = (
			);
			name = iConfs;
			productName = iConfs;
			productReference = A0788783175A3C7800C1D90C /* iConfs.app */;
			productType = "com.apple.product-type.application";
		};
/* End PBXNativeTarget section */

/* Begin PBXProject section */
		A078877B175A3C7800C1D90C /* Project object */ = {
			isa = PBXProject;
			attributes = {
				LastUpgradeCheck = 0460;
				ORGANIZATIONNAME = "Eduardo Joel Pereira Beja Martins";
			};
			buildConfigurationList = A078877E175A3C7800C1D90C /* Build configuration list for PBXProject "iConfs" */;
			compatibilityVersion = "Xcode 3.2";
			developmentRegion = English;
			hasScannedForEncodings = 0;
			knownRegions = (
				en,
			);
			mainGroup = A078877A175A3C7800C1D90C;
			productRefGroup = A0788784175A3C7800C1D90C /* Products */;
			projectDirPath = "";
			projectRoot = "";
			targets = (
				A0788782175A3C7800C1D90C /* iConfs */,
			);
		};
/* End PBXProject section */

/* Begin PBXResourcesBuildPhase section */
		A0788781175A3C7800C1D90C /* Resources */ = {
			isa = PBXResourcesBuildPhase;
			buildActionMask = 2147483647;
			files = (
				A0788793175A3C7800C1D90C /* InfoPlist.strings in Resources */,
				A078879B175A3C7800C1D90C /* Default.png in Resources */,
				A078879D175A3C7800C1D90C /* Default@2x.png in Resources */,
				A078879F175A3C7800C1D90C /* Default-568h@2x.png in Resources */,
				A07887F4175A3CE500C1D90C /* MainStoryboard.storyboard in Resources */,
				A07887FA175A3DAA00C1D90C /* 11.png in Resources */,
				A07887FB175A3DAA00C1D90C /* pulpito.png in Resources */,
				A07887FC175A3DAA00C1D90C /* checkbox-checked.png in Resources */,
				A07887FD175A3DAA00C1D90C /* checkbox.png in Resources */,
				A07887FE175A3DAA00C1D90C /* conf.jpg in Resources */,
				28D97F38175BFF8300AA3A80 /* Post-it-note-transparent.png in Resources */,
				28CF7719175FC2EE0070B4D5 /* speaker.jpg in Resources */,
				28CF771A175FC2EE0070B4D5 /* author.jpg in Resources */,
				707B3FE71760CF1E0069716F /* menuButton.png in Resources */,
				A0817F2F1760A7650065E30A /* 1.jpg in Resources */,
				A0817F301760A7650065E30A /* 2.jpg in Resources */,
				A0817F311760A7650065E30A /* 3.jpg in Resources */,
				A0817F321760A7650065E30A /* 5.jpg in Resources */,
				A0817F331760A7650065E30A /* 6.jpg in Resources */,
				A0817F341760A7650065E30A /* 7.jpg in Resources */,
				A0817F351760A7650065E30A /* 8.jpg in Resources */,
				A0817F361760A7650065E30A /* 9.jpg in Resources */,
				A0817F371760A7650065E30A /* 10.jpg in Resources */,
				A0817F391760A7700065E30A /* author.jpg in Resources */,
				A0817F3D1760A8240065E30A /* inforum.jpg in Resources */,
				A0817F3E1760A8240065E30A /* musepat.jpg in Resources */,
				A0817F3F1760A8240065E30A /* speaker.jpg in Resources */,
				28ADEE261760E2330059F458 /* menuButton.png in Resources */,
				280F37321763E9DE00E72424 /* note_paper_left.jpg in Resources */,
				280F37331763E9DE00E72424 /* note_paper.png in Resources */,
				280F37341763E9DE00E72424 /* blank_paper.png in Resources */,
			);
			runOnlyForDeploymentPostprocessing = 0;
		};
/* End PBXResourcesBuildPhase section */

/* Begin PBXSourcesBuildPhase section */
		A078877F175A3C7800C1D90C /* Sources */ = {
			isa = PBXSourcesBuildPhase;
			buildActionMask = 2147483647;
			files = (
				A0788795175A3C7800C1D90C /* main.m in Sources */,
				A07887A2175A3C7800C1D90C /* iConfs.xcdatamodeld in Sources */,
				A07887DD175A3CE500C1D90C /* Event.m in Sources */,
				A07887DE175A3CE500C1D90C /* News.m in Sources */,
				A07887DF175A3CE500C1D90C /* EventWorkshop.m in Sources */,
				A07887E0175A3CE500C1D90C /* Session.m in Sources */,
				A07887E1175A3CE500C1D90C /* Person.m in Sources */,
				A07887E2175A3CE500C1D90C /* Organizer.m in Sources */,
				A07887E3175A3CE500C1D90C /* Author.m in Sources */,
				A07887E4175A3CE500C1D90C /* Speaker.m in Sources */,
				A07887E5175A3CE500C1D90C /* Notification.m in Sources */,
				A07887E6175A3CE500C1D90C /* Paper.m in Sources */,
				A07887E7175A3CE500C1D90C /* Place.m in Sources */,
				A07887E8175A3CE500C1D90C /* WC.m in Sources */,
				A07887E9175A3CE500C1D90C /* EatingArea.m in Sources */,
				A07887EA175A3CE500C1D90C /* Room.m in Sources */,
				A07887EB175A3CE500C1D90C /* PeopleCell.m in Sources */,
				A07887EC175A3CE500C1D90C /* PeopleViewController.m in Sources */,
				A07887ED175A3CE500C1D90C /* AppDelegate.m in Sources */,
				A07887EE175A3CE500C1D90C /* CustomCellTwo.m in Sources */,
				A07887EF175A3CE500C1D90C /* CustomCellOne.m in Sources */,
				A07887F0175A3CE500C1D90C /* HomeViewController.m in Sources */,
				A07887F1175A3CE500C1D90C /* ManageViewController.m in Sources */,
				A07887F2175A3CE500C1D90C /* MenuViewController.m in Sources */,
				A07887F3175A3CE500C1D90C /* ManageConfCell.m in Sources */,
				707B7C15175D62CD00E4747A /* ECSlidingViewController.m in Sources */,
				707B7C16175D62CD00E4747A /* UIImage+ImageWithUIView.m in Sources */,
				707B7C19175D6E2B00E4747A /* InitViewController.m in Sources */,
				A0570151175E2848000FED8F /* TestingViewController.m in Sources */,
				28A3A890175E9CAA0002BC93 /* PersonViewController.m in Sources */,
				28CF7713175F8E240070B4D5 /* PeopleC2.m in Sources */,
				28CF7716175F8FD10070B4D5 /* Teste.m in Sources */,
				707522FB175FDF7C002F8708 /* AppDataObject.m in Sources */,
				285FF4B71760BC0E001135E1 /* CellMyConferences.m in Sources */,
				285FF4BA1760BE0C001135E1 /* newConferenceContainer.m in Sources */,
				285FF4BD1760BE6A001135E1 /* ConferenceScreenViewController.m in Sources */,
				28ADEE1B1760C7E60059F458 /* Conference.m in Sources */,
				28ADEE1E1760C7FB0059F458 /* IConfs.m in Sources */,
				A05A74FA1760F6CF00F021BD /* ioapi.c in Sources */,
				A05A74FB1760F6CF00F021BD /* mztools.c in Sources */,
				A05A74FC1760F6CF00F021BD /* unzip.c in Sources */,
				A05A74FD1760F6CF00F021BD /* zip.c in Sources */,
				A05A74FE1760F6CF00F021BD /* ZipArchive.mm in Sources */,
				28ADEE211760D2D80059F458 /* Conference-News.m in Sources */,
				28ADEE241760D4140059F458 /* CellNewsInsideConference.m in Sources */,
			);
			runOnlyForDeploymentPostprocessing = 0;
		};
/* End PBXSourcesBuildPhase section */

/* Begin PBXVariantGroup section */
		A0788791175A3C7800C1D90C /* InfoPlist.strings */ = {
			isa = PBXVariantGroup;
			children = (
				A0788792175A3C7800C1D90C /* en */,
			);
			name = InfoPlist.strings;
			sourceTree = "<group>";
		};
/* End PBXVariantGroup section */

/* Begin XCBuildConfiguration section */
		A07887A3175A3C7800C1D90C /* Debug */ = {
			isa = XCBuildConfiguration;
			buildSettings = {
				ALWAYS_SEARCH_USER_PATHS = NO;
				CLANG_CXX_LANGUAGE_STANDARD = "gnu++0x";
				CLANG_CXX_LIBRARY = "libc++";
				CLANG_ENABLE_OBJC_ARC = YES;
				CLANG_WARN_CONSTANT_CONVERSION = YES;
				CLANG_WARN_EMPTY_BODY = YES;
				CLANG_WARN_ENUM_CONVERSION = YES;
				CLANG_WARN_INT_CONVERSION = YES;
				CLANG_WARN__DUPLICATE_METHOD_MATCH = YES;
				"CODE_SIGN_IDENTITY[sdk=iphoneos*]" = "iPhone Developer";
				COPY_PHASE_STRIP = NO;
				GCC_C_LANGUAGE_STANDARD = gnu99;
				GCC_DYNAMIC_NO_PIC = NO;
				GCC_OPTIMIZATION_LEVEL = 0;
				GCC_PREPROCESSOR_DEFINITIONS = (
					"DEBUG=1",
					"$(inherited)",
				);
				GCC_SYMBOLS_PRIVATE_EXTERN = NO;
				GCC_WARN_ABOUT_RETURN_TYPE = YES;
				GCC_WARN_UNINITIALIZED_AUTOS = YES;
				GCC_WARN_UNUSED_VARIABLE = YES;
				IPHONEOS_DEPLOYMENT_TARGET = 6.1;
				ONLY_ACTIVE_ARCH = YES;
				SDKROOT = iphoneos;
				TARGETED_DEVICE_FAMILY = "1,2";
			};
			name = Debug;
		};
		A07887A4175A3C7800C1D90C /* Release */ = {
			isa = XCBuildConfiguration;
			buildSettings = {
				ALWAYS_SEARCH_USER_PATHS = NO;
				CLANG_CXX_LANGUAGE_STANDARD = "gnu++0x";
				CLANG_CXX_LIBRARY = "libc++";
				CLANG_ENABLE_OBJC_ARC = YES;
				CLANG_WARN_CONSTANT_CONVERSION = YES;
				CLANG_WARN_EMPTY_BODY = YES;
				CLANG_WARN_ENUM_CONVERSION = YES;
				CLANG_WARN_INT_CONVERSION = YES;
				CLANG_WARN__DUPLICATE_METHOD_MATCH = YES;
				"CODE_SIGN_IDENTITY[sdk=iphoneos*]" = "iPhone Developer";
				COPY_PHASE_STRIP = YES;
				GCC_C_LANGUAGE_STANDARD = gnu99;
				GCC_WARN_ABOUT_RETURN_TYPE = YES;
				GCC_WARN_UNINITIALIZED_AUTOS = YES;
				GCC_WARN_UNUSED_VARIABLE = YES;
				IPHONEOS_DEPLOYMENT_TARGET = 6.1;
				OTHER_CFLAGS = "-DNS_BLOCK_ASSERTIONS=1";
				SDKROOT = iphoneos;
				TARGETED_DEVICE_FAMILY = "1,2";
				VALIDATE_PRODUCT = YES;
			};
			name = Release;
		};
		A07887A6175A3C7800C1D90C /* Debug */ = {
			isa = XCBuildConfiguration;
			buildSettings = {
				GCC_PRECOMPILE_PREFIX_HEADER = YES;
				GCC_PREFIX_HEADER = "iConfs/iConfs-Prefix.pch";
				INFOPLIST_FILE = "iConfs/iConfs-Info.plist";
				PRODUCT_NAME = "$(TARGET_NAME)";
				WRAPPER_EXTENSION = app;
			};
			name = Debug;
		};
		A07887A7175A3C7800C1D90C /* Release */ = {
			isa = XCBuildConfiguration;
			buildSettings = {
				GCC_PRECOMPILE_PREFIX_HEADER = YES;
				GCC_PREFIX_HEADER = "iConfs/iConfs-Prefix.pch";
				INFOPLIST_FILE = "iConfs/iConfs-Info.plist";
				PRODUCT_NAME = "$(TARGET_NAME)";
				WRAPPER_EXTENSION = app;
			};
			name = Release;
		};
/* End XCBuildConfiguration section */

/* Begin XCConfigurationList section */
		A078877E175A3C7800C1D90C /* Build configuration list for PBXProject "iConfs" */ = {
			isa = XCConfigurationList;
			buildConfigurations = (
				A07887A3175A3C7800C1D90C /* Debug */,
				A07887A4175A3C7800C1D90C /* Release */,
			);
			defaultConfigurationIsVisible = 0;
			defaultConfigurationName = Release;
		};
		A07887A5175A3C7800C1D90C /* Build configuration list for PBXNativeTarget "iConfs" */ = {
			isa = XCConfigurationList;
			buildConfigurations = (
				A07887A6175A3C7800C1D90C /* Debug */,
				A07887A7175A3C7800C1D90C /* Release */,
			);
			defaultConfigurationIsVisible = 0;
			defaultConfigurationName = Release;
		};
/* End XCConfigurationList section */

/* Begin XCVersionGroup section */
		A07887A0175A3C7800C1D90C /* iConfs.xcdatamodeld */ = {
			isa = XCVersionGroup;
			children = (
				A07887A1175A3C7800C1D90C /* iConfs.xcdatamodel */,
			);
			currentVersion = A07887A1175A3C7800C1D90C /* iConfs.xcdatamodel */;
			path = iConfs.xcdatamodeld;
			sourceTree = "<group>";
			versionGroupType = wrapper.xcdatamodel;
		};
/* End XCVersionGroup section */
	};
	rootObject = A078877B175A3C7800C1D90C /* Project object */;
}
